
Microsoft Visual Studio Solution File, Format Version 12.00
# Visual Studio Version 18
VisualStudioVersion = 18.6.11819.183 stable
MinimumVisualStudioVersion = 10.0.40219.1
Project("{FAE04EC0-301F-11D3-BF4B-00C04F79EFBC}") = "Tofd_AWI", "Tofd_AWI.csproj", "{BBE5296E-99BC-4769-8C91-7096E41A1244}"
	ProjectSection(ProjectDependencies) = postProject
		{07E2A3BC-8A1C-48BC-8647-5D1C75818D66} = {07E2A3BC-8A1C-48BC-8647-5D1C75818D66}
		{2CA1E0F2-104C-4A1A-9963-CA27D9FC9B62} = {2CA1E0F2-104C-4A1A-9963-CA27D9FC9B62}
		{58E7B15E-F61D-4A52-A3EB-73FD1E66BFA8} = {58E7B15E-F61D-4A52-A3EB-73FD1E66BFA8}
		{65DB9CE0-3829-41AB-AD75-E894502E0090} = {65DB9CE0-3829-41AB-AD75-E894502E0090}
		{9B1B605F-05DA-4F88-97F2-EF4ED6EA3037} = {9B1B605F-05DA-4F88-97F2-EF4ED6EA3037}
		{C04C6F6A-30C2-40CA-8BDF-C693FDC7C23E} = {C04C6F6A-30C2-40CA-8BDF-C693FDC7C23E}
		{C11F742E-B9DE-48B5-AA04-947DE8C528B5} = {C11F742E-B9DE-48B5-AA04-947DE8C528B5}
		{6C68D876-97A7-4D09-9F1F-5D639E066B0D} = {6C68D876-97A7-4D09-9F1F-5D639E066B0D}
	EndProjectSection
EndProject
Project("{2150E333-8FDC-42A3-9474-1A3956D46DE8}") = "Driver", "Driver", "{59EC450B-7CC3-4987-A3CA-CDC08DD28B26}"
EndProject
Project("{FAE04EC0-301F-11D3-BF4B-00C04F79EFBC}") = "Clb_MT_Comm", "Clb_MT_Comm\Clb_MT_Comm\Clb_MT_Comm.csproj", "{58E7B15E-F61D-4A52-A3EB-73FD1E66BFA8}"
	ProjectSection(ProjectDependencies) = postProject
		{9B1B605F-05DA-4F88-97F2-EF4ED6EA3037} = {9B1B605F-05DA-4F88-97F2-EF4ED6EA3037}
	EndProjectSection
EndProject
Project("{FAE04EC0-301F-11D3-BF4B-00C04F79EFBC}") = "ClassLib_TestData", "ClassLib_TestData\ClassLib_TestData.csproj", "{9B1B605F-05DA-4F88-97F2-EF4ED6EA3037}"
EndProject
Project("{FAE04EC0-301F-11D3-BF4B-00C04F79EFBC}") = "Clb_XmCam_DLL", "Clb_XmCam_DLL\Clb_XmCam_DLL.csproj", "{C11F742E-B9DE-48B5-AA04-947DE8C528B5}"
EndProject
Project("{FAE04EC0-301F-11D3-BF4B-00C04F79EFBC}") = "ClimbVideo", "ClimbVideo\ClimbVideo\ClimbVideo.csproj", "{2CA1E0F2-104C-4A1A-9963-CA27D9FC9B62}"
	ProjectSection(ProjectDependencies) = postProject
		{65DB9CE0-3829-41AB-AD75-E894502E0090} = {65DB9CE0-3829-41AB-AD75-E894502E0090}
		{9B1B605F-05DA-4F88-97F2-EF4ED6EA3037} = {9B1B605F-05DA-4F88-97F2-EF4ED6EA3037}
	EndProjectSection
EndProject
Project("{FAE04EC0-301F-11D3-BF4B-00C04F79EFBC}") = "Frame_Work", "Frame_Work\Frame_Work\Frame_Work.csproj", "{07E2A3BC-8A1C-48BC-8647-5D1C75818D66}"
	ProjectSection(ProjectDependencies) = postProject
		{9B1B605F-05DA-4F88-97F2-EF4ED6EA3037} = {9B1B605F-05DA-4F88-97F2-EF4ED6EA3037}
	EndProjectSection
EndProject
Project("{FAE04EC0-301F-11D3-BF4B-00C04F79EFBC}") = "Video", "Video\Video.csproj", "{C04C6F6A-30C2-40CA-8BDF-C693FDC7C23E}"
EndProject
Project("{FAE04EC0-301F-11D3-BF4B-00C04F79EFBC}") = "MVSDK", "MVSDK\MVSDK.csproj", "{65DB9CE0-3829-41AB-AD75-E894502E0090}"
EndProject
Project("{FAE04EC0-301F-11D3-BF4B-00C04F79EFBC}") = "ClassLibrary_Interface", "ClassLibrary_Interface\ClassLibrary_Interface.csproj", "{6C68D876-97A7-4D09-9F1F-5D639E066B0D}"
EndProject
Project("{FAE04EC0-301F-11D3-BF4B-00C04F79EFBC}") = "NewInspect.Services", "NewInspect.Services\NewInspect.Services.csproj", "{EE7324D7-B900-4C28-866B-5BAD3A67D598}"
	ProjectSection(ProjectDependencies) = postProject
		{9B1B605F-05DA-4F88-97F2-EF4ED6EA3037} = {9B1B605F-05DA-4F88-97F2-EF4ED6EA3037}
		{6C68D876-97A7-4D09-9F1F-5D639E066B0D} = {6C68D876-97A7-4D09-9F1F-5D639E066B0D}
	EndProjectSection
EndProject
Global
	GlobalSection(SolutionConfigurationPlatforms) = preSolution
		Debug|Any CPU = Debug|Any CPU
		Debug|x64 = Debug|x64
		Debug|x86 = Debug|x86
		Halcon12_release|Any CPU = Halcon12_release|Any CPU
		Halcon12_release|x64 = Halcon12_release|x64
		Halcon12_release|x86 = Halcon12_release|x86
		Release|Any CPU = Release|Any CPU
		Release|x64 = Release|x64
		Release|x86 = Release|x86
	EndGlobalSection
	GlobalSection(ProjectConfigurationPlatforms) = postSolution
		{BBE5296E-99BC-4769-8C91-7096E41A1244}.Debug|Any CPU.ActiveCfg = Debug|Any CPU
		{BBE5296E-99BC-4769-8C91-7096E41A1244}.Debug|Any CPU.Build.0 = Debug|Any CPU
		{BBE5296E-99BC-4769-8C91-7096E41A1244}.Debug|x64.ActiveCfg = Debug|x64
		{BBE5296E-99BC-4769-8C91-7096E41A1244}.Debug|x64.Build.0 = Debug|x64
		{BBE5296E-99BC-4769-8C91-7096E41A1244}.Debug|x86.ActiveCfg = Debug|x86
		{BBE5296E-99BC-4769-8C91-7096E41A1244}.Debug|x86.Build.0 = Debug|x86
		{BBE5296E-99BC-4769-8C91-7096E41A1244}.Halcon12_release|Any CPU.ActiveCfg = Release|Any CPU
		{BBE5296E-99BC-4769-8C91-7096E41A1244}.Halcon12_release|Any CPU.Build.0 = Release|Any CPU
		{BBE5296E-99BC-4769-8C91-7096E41A1244}.Halcon12_release|x64.ActiveCfg = Release|x64
		{BBE5296E-99BC-4769-8C91-7096E41A1244}.Halcon12_release|x64.Build.0 = Release|x64
		{BBE5296E-99BC-4769-8C91-7096E41A1244}.Halcon12_release|x86.ActiveCfg = Release|Any CPU
		{BBE5296E-99BC-4769-8C91-7096E41A1244}.Halcon12_release|x86.Build.0 = Release|Any CPU
		{BBE5296E-99BC-4769-8C91-7096E41A1244}.Release|Any CPU.ActiveCfg = Release|Any CPU
		{BBE5296E-99BC-4769-8C91-7096E41A1244}.Release|Any CPU.Build.0 = Release|Any CPU
		{BBE5296E-99BC-4769-8C91-7096E41A1244}.Release|x64.ActiveCfg = Release|x64
		{BBE5296E-99BC-4769-8C91-7096E41A1244}.Release|x64.Build.0 = Release|x64
		{BBE5296E-99BC-4769-8C91-7096E41A1244}.Release|x86.ActiveCfg = Release|Any CPU
		{BBE5296E-99BC-4769-8C91-7096E41A1244}.Release|x86.Build.0 = Release|Any CPU
		{58E7B15E-F61D-4A52-A3EB-73FD1E66BFA8}.Debug|Any CPU.ActiveCfg = Debug|Any CPU
		{58E7B15E-F61D-4A52-A3EB-73FD1E66BFA8}.Debug|Any CPU.Build.0 = Debug|Any CPU
		{58E7B15E-F61D-4A52-A3EB-73FD1E66BFA8}.Debug|x64.ActiveCfg = Debug|Any CPU
		{58E7B15E-F61D-4A52-A3EB-73FD1E66BFA8}.Debug|x64.Build.0 = Debug|Any CPU
		{58E7B15E-F61D-4A52-A3EB-73FD1E66BFA8}.Debug|x86.ActiveCfg = Debug|x86
		{58E7B15E-F61D-4A52-A3EB-73FD1E66BFA8}.Debug|x86.Build.0 = Debug|x86
		{58E7B15E-F61D-4A52-A3EB-73FD1E66BFA8}.Halcon12_release|Any CPU.ActiveCfg = Release|Any CPU
		{58E7B15E-F61D-4A52-A3EB-73FD1E66BFA8}.Halcon12_release|Any CPU.Build.0 = Release|Any CPU
		{58E7B15E-F61D-4A52-A3EB-73FD1E66BFA8}.Halcon12_release|x64.ActiveCfg = Release|Any CPU
		{58E7B15E-F61D-4A52-A3EB-73FD1E66BFA8}.Halcon12_release|x64.Build.0 = Release|Any CPU
		{58E7B15E-F61D-4A52-A3EB-73FD1E66BFA8}.Halcon12_release|x86.ActiveCfg = Release|x86
		{58E7B15E-F61D-4A52-A3EB-73FD1E66BFA8}.Halcon12_release|x86.Build.0 = Release|x86
		{58E7B15E-F61D-4A52-A3EB-73FD1E66BFA8}.Release|Any CPU.ActiveCfg = Release|Any CPU
		{58E7B15E-F61D-4A52-A3EB-73FD1E66BFA8}.Release|Any CPU.Build.0 = Release|Any CPU
		{58E7B15E-F61D-4A52-A3EB-73FD1E66BFA8}.Release|x64.ActiveCfg = Release|Any CPU
		{58E7B15E-F61D-4A52-A3EB-73FD1E66BFA8}.Release|x64.Build.0 = Release|Any CPU
		{58E7B15E-F61D-4A52-A3EB-73FD1E66BFA8}.Release|x86.ActiveCfg = Release|x86
		{58E7B15E-F61D-4A52-A3EB-73FD1E66BFA8}.Release|x86.Build.0 = Release|x86
		{9B1B605F-05DA-4F88-97F2-EF4ED6EA3037}.Debug|Any CPU.ActiveCfg = Debug|Any CPU
		{9B1B605F-05DA-4F88-97F2-EF4ED6EA3037}.Debug|Any CPU.Build.0 = Debug|Any CPU
		{9B1B605F-05DA-4F88-97F2-EF4ED6EA3037}.Debug|x64.ActiveCfg = Debug|Any CPU
		{9B1B605F-05DA-4F88-97F2-EF4ED6EA3037}.Debug|x64.Build.0 = Debug|Any CPU
		{9B1B605F-05DA-4F88-97F2-EF4ED6EA3037}.Debug|x86.ActiveCfg = Debug|x86
		{9B1B605F-05DA-4F88-97F2-EF4ED6EA3037}.Debug|x86.Build.0 = Debug|x86
		{9B1B605F-05DA-4F88-97F2-EF4ED6EA3037}.Halcon12_release|Any CPU.ActiveCfg = Release|Any CPU
		{9B1B605F-05DA-4F88-97F2-EF4ED6EA3037}.Halcon12_release|Any CPU.Build.0 = Release|Any CPU
		{9B1B605F-05DA-4F88-97F2-EF4ED6EA3037}.Halcon12_release|x64.ActiveCfg = Release|Any CPU
		{9B1B605F-05DA-4F88-97F2-EF4ED6EA3037}.Halcon12_release|x64.Build.0 = Release|Any CPU
		{9B1B605F-05DA-4F88-97F2-EF4ED6EA3037}.Halcon12_release|x86.ActiveCfg = Release|Any CPU
		{9B1B605F-05DA-4F88-97F2-EF4ED6EA3037}.Halcon12_release|x86.Build.0 = Release|Any CPU
		{9B1B605F-05DA-4F88-97F2-EF4ED6EA3037}.Release|Any CPU.ActiveCfg = Release|Any CPU
		{9B1B605F-05DA-4F88-97F2-EF4ED6EA3037}.Release|Any CPU.Build.0 = Release|Any CPU
		{9B1B605F-05DA-4F88-97F2-EF4ED6EA3037}.Release|x64.ActiveCfg = Release|Any CPU
		{9B1B605F-05DA-4F88-97F2-EF4ED6EA3037}.Release|x64.Build.0 = Release|Any CPU
		{9B1B605F-05DA-4F88-97F2-EF4ED6EA3037}.Release|x86.ActiveCfg = Release|Any CPU
		{9B1B605F-05DA-4F88-97F2-EF4ED6EA3037}.Release|x86.Build.0 = Release|Any CPU
		{C11F742E-B9DE-48B5-AA04-947DE8C528B5}.Debug|Any CPU.ActiveCfg = Debug|Any CPU
		{C11F742E-B9DE-48B5-AA04-947DE8C528B5}.Debug|Any CPU.Build.0 = Debug|Any CPU
		{C11F742E-B9DE-48B5-AA04-947DE8C528B5}.Debug|x64.ActiveCfg = Debug|Any CPU
		{C11F742E-B9DE-48B5-AA04-947DE8C528B5}.Debug|x64.Build.0 = Debug|Any CPU
		{C11F742E-B9DE-48B5-AA04-947DE8C528B5}.Debug|x86.ActiveCfg = Debug|x86
		{C11F742E-B9DE-48B5-AA04-947DE8C528B5}.Debug|x86.Build.0 = Debug|x86
		{C11F742E-B9DE-48B5-AA04-947DE8C528B5}.Halcon12_release|Any CPU.ActiveCfg = Release|Any CPU
		{C11F742E-B9DE-48B5-AA04-947DE8C528B5}.Halcon12_release|Any CPU.Build.0 = Release|Any CPU
		{C11F742E-B9DE-48B5-AA04-947DE8C528B5}.Halcon12_release|x64.ActiveCfg = Release|Any CPU
		{C11F742E-B9DE-48B5-AA04-947DE8C528B5}.Halcon12_release|x64.Build.0 = Release|Any CPU
		{C11F742E-B9DE-48B5-AA04-947DE8C528B5}.Halcon12_release|x86.ActiveCfg = Release|Any CPU
		{C11F742E-B9DE-48B5-AA04-947DE8C528B5}.Halcon12_release|x86.Build.0 = Release|Any CPU
		{C11F742E-B9DE-48B5-AA04-947DE8C528B5}.Release|Any CPU.ActiveCfg = Release|Any CPU
		{C11F742E-B9DE-48B5-AA04-947DE8C528B5}.Release|Any CPU.Build.0 = Release|Any CPU
		{C11F742E-B9DE-48B5-AA04-947DE8C528B5}.Release|x64.ActiveCfg = Release|Any CPU
		{C11F742E-B9DE-48B5-AA04-947DE8C528B5}.Release|x64.Build.0 = Release|Any CPU
		{C11F742E-B9DE-48B5-AA04-947DE8C528B5}.Release|x86.ActiveCfg = Release|Any CPU
		{C11F742E-B9DE-48B5-AA04-947DE8C528B5}.Release|x86.Build.0 = Release|Any CPU
		{2CA1E0F2-104C-4A1A-9963-CA27D9FC9B62}.Debug|Any CPU.ActiveCfg = Debug|Any CPU
		{2CA1E0F2-104C-4A1A-9963-CA27D9FC9B62}.Debug|Any CPU.Build.0 = Debug|Any CPU
		{2CA1E0F2-104C-4A1A-9963-CA27D9FC9B62}.Debug|x64.ActiveCfg = Debug|Any CPU
		{2CA1E0F2-104C-4A1A-9963-CA27D9FC9B62}.Debug|x64.Build.0 = Debug|Any CPU
		{2CA1E0F2-104C-4A1A-9963-CA27D9FC9B62}.Debug|x86.ActiveCfg = Debug|x86
		{2CA1E0F2-104C-4A1A-9963-CA27D9FC9B62}.Debug|x86.Build.0 = Debug|x86
		{2CA1E0F2-104C-4A1A-9963-CA27D9FC9B62}.Halcon12_release|Any CPU.ActiveCfg = Release|Any CPU
		{2CA1E0F2-104C-4A1A-9963-CA27D9FC9B62}.Halcon12_release|Any CPU.Build.0 = Release|Any CPU
		{2CA1E0F2-104C-4A1A-9963-CA27D9FC9B62}.Halcon12_release|x64.ActiveCfg = Release|Any CPU
		{2CA1E0F2-104C-4A1A-9963-CA27D9FC9B62}.Halcon12_release|x64.Build.0 = Release|Any CPU
		{2CA1E0F2-104C-4A1A-9963-CA27D9FC9B62}.Halcon12_release|x86.ActiveCfg = Release|Any CPU
		{2CA1E0F2-104C-4A1A-9963-CA27D9FC9B62}.Halcon12_release|x86.Build.0 = Release|Any CPU
		{2CA1E0F2-104C-4A1A-9963-CA27D9FC9B62}.Release|Any CPU.ActiveCfg = Release|Any CPU
		{2CA1E0F2-104C-4A1A-9963-CA27D9FC9B62}.Release|Any CPU.Build.0 = Release|Any CPU
		{2CA1E0F2-104C-4A1A-9963-CA27D9FC9B62}.Release|x64.ActiveCfg = Release|Any CPU
		{2CA1E0F2-104C-4A1A-9963-CA27D9FC9B62}.Release|x64.Build.0 = Release|Any CPU
		{2CA1E0F2-104C-4A1A-9963-CA27D9FC9B62}.Release|x86.ActiveCfg = Release|Any CPU
		{2CA1E0F2-104C-4A1A-9963-CA27D9FC9B62}.Release|x86.Build.0 = Release|Any CPU
		{07E2A3BC-8A1C-48BC-8647-5D1C75818D66}.Debug|Any CPU.ActiveCfg = Debug|Any CPU
		{07E2A3BC-8A1C-48BC-8647-5D1C75818D66}.Debug|Any CPU.Build.0 = Debug|Any CPU
		{07E2A3BC-8A1C-48BC-8647-5D1C75818D66}.Debug|x64.ActiveCfg = Debug|Any CPU
		{07E2A3BC-8A1C-48BC-8647-5D1C75818D66}.Debug|x64.Build.0 = Debug|Any CPU
		{07E2A3BC-8A1C-48BC-8647-5D1C75818D66}.Debug|x86.ActiveCfg = Debug|x86
		{07E2A3BC-8A1C-48BC-8647-5D1C75818D66}.Debug|x86.Build.0 = Debug|x86
		{07E2A3BC-8A1C-48BC-8647-5D1C75818D66}.Halcon12_release|Any CPU.ActiveCfg = Release|Any CPU
		{07E2A3BC-8A1C-48BC-8647-5D1C75818D66}.Halcon12_release|Any CPU.Build.0 = Release|Any CPU
		{07E2A3BC-8A1C-48BC-8647-5D1C75818D66}.Halcon12_release|x64.ActiveCfg = Release|Any CPU
		{07E2A3BC-8A1C-48BC-8647-5D1C75818D66}.Halcon12_release|x64.Build.0 = Release|Any CPU
		{07E2A3BC-8A1C-48BC-8647-5D1C75818D66}.Halcon12_release|x86.ActiveCfg = Release|Any CPU
		{07E2A3BC-8A1C-48BC-8647-5D1C75818D66}.Halcon12_release|x86.Build.0 = Release|Any CPU
		{07E2A3BC-8A1C-48BC-8647-5D1C75818D66}.Release|Any CPU.ActiveCfg = Release|Any CPU
		{07E2A3BC-8A1C-48BC-8647-5D1C75818D66}.Release|Any CPU.Build.0 = Release|Any CPU
		{07E2A3BC-8A1C-48BC-8647-5D1C75818D66}.Release|x64.ActiveCfg = Release|Any CPU
		{07E2A3BC-8A1C-48BC-8647-5D1C75818D66}.Release|x64.Build.0 = Release|Any CPU
		{07E2A3BC-8A1C-48BC-8647-5D1C75818D66}.Release|x86.ActiveCfg = Release|Any CPU
		{07E2A3BC-8A1C-48BC-8647-5D1C75818D66}.Release|x86.Build.0 = Release|Any CPU
		{C04C6F6A-30C2-40CA-8BDF-C693FDC7C23E}.Debug|Any CPU.ActiveCfg = Debug|Any CPU
		{C04C6F6A-30C2-40CA-8BDF-C693FDC7C23E}.Debug|Any CPU.Build.0 = Debug|Any CPU
		{C04C6F6A-30C2-40CA-8BDF-C693FDC7C23E}.Debug|x64.ActiveCfg = Debug|Any CPU
		{C04C6F6A-30C2-40CA-8BDF-C693FDC7C23E}.Debug|x64.Build.0 = Debug|Any CPU
		{C04C6F6A-30C2-40CA-8BDF-C693FDC7C23E}.Debug|x86.ActiveCfg = Debug|x86
		{C04C6F6A-30C2-40CA-8BDF-C693FDC7C23E}.Debug|x86.Build.0 = Debug|x86
		{C04C6F6A-30C2-40CA-8BDF-C693FDC7C23E}.Halcon12_release|Any CPU.ActiveCfg = Release|Any CPU
		{C04C6F6A-30C2-40CA-8BDF-C693FDC7C23E}.Halcon12_release|Any CPU.Build.0 = Release|Any CPU
		{C04C6F6A-30C2-40CA-8BDF-C693FDC7C23E}.Halcon12_release|x64.ActiveCfg = Release|Any CPU
		{C04C6F6A-30C2-40CA-8BDF-C693FDC7C23E}.Halcon12_release|x64.Build.0 = Release|Any CPU
		{C04C6F6A-30C2-40CA-8BDF-C693FDC7C23E}.Halcon12_release|x86.ActiveCfg = Release|Any CPU
		{C04C6F6A-30C2-40CA-8BDF-C693FDC7C23E}.Halcon12_release|x86.Build.0 = Release|Any CPU
		{C04C6F6A-30C2-40CA-8BDF-C693FDC7C23E}.Release|Any CPU.ActiveCfg = Release|Any CPU
		{C04C6F6A-30C2-40CA-8BDF-C693FDC7C23E}.Release|Any CPU.Build.0 = Release|Any CPU
		{C04C6F6A-30C2-40CA-8BDF-C693FDC7C23E}.Release|x64.ActiveCfg = Release|Any CPU
		{C04C6F6A-30C2-40CA-8BDF-C693FDC7C23E}.Release|x64.Build.0 = Release|Any CPU
		{C04C6F6A-30C2-40CA-8BDF-C693FDC7C23E}.Release|x86.ActiveCfg = Release|Any CPU
		{C04C6F6A-30C2-40CA-8BDF-C693FDC7C23E}.Release|x86.Build.0 = Release|Any CPU
		{65DB9CE0-3829-41AB-AD75-E894502E0090}.Debug|Any CPU.ActiveCfg = Debug|Any CPU
		{65DB9CE0-3829-41AB-AD75-E894502E0090}.Debug|Any CPU.Build.0 = Debug|Any CPU
		{65DB9CE0-3829-41AB-AD75-E894502E0090}.Debug|x64.ActiveCfg = Debug|Any CPU
		{65DB9CE0-3829-41AB-AD75-E894502E0090}.Debug|x64.Build.0 = Debug|Any CPU
		{65DB9CE0-3829-41AB-AD75-E894502E0090}.Debug|x86.ActiveCfg = Debug|x86
		{65DB9CE0-3829-41AB-AD75-E894502E0090}.Debug|x86.Build.0 = Debug|x86
		{65DB9CE0-3829-41AB-AD75-E894502E0090}.Halcon12_release|Any CPU.ActiveCfg = Halcon12_release|Any CPU
		{65DB9CE0-3829-41AB-AD75-E894502E0090}.Halcon12_release|Any CPU.Build.0 = Halcon12_release|Any CPU
		{65DB9CE0-3829-41AB-AD75-E894502E0090}.Halcon12_release|x64.ActiveCfg = Halcon12_release|Any CPU
		{65DB9CE0-3829-41AB-AD75-E894502E0090}.Halcon12_release|x64.Build.0 = Halcon12_release|Any CPU
		{65DB9CE0-3829-41AB-AD75-E894502E0090}.Halcon12_release|x86.ActiveCfg = Halcon12_release|Any CPU
		{65DB9CE0-3829-41AB-AD75-E894502E0090}.Halcon12_release|x86.Build.0 = Halcon12_release|Any CPU
		{65DB9CE0-3829-41AB-AD75-E894502E0090}.Release|Any CPU.ActiveCfg = Release|Any CPU
		{65DB9CE0-3829-41AB-AD75-E894502E0090}.Release|Any CPU.Build.0 = Release|Any CPU
		{65DB9CE0-3829-41AB-AD75-E894502E0090}.Release|x64.ActiveCfg = Release|Any CPU
		{65DB9CE0-3829-41AB-AD75-E894502E0090}.Release|x64.Build.0 = Release|Any CPU
		{65DB9CE0-3829-41AB-AD75-E894502E0090}.Release|x86.ActiveCfg = Release|Any CPU
		{65DB9CE0-3829-41AB-AD75-E894502E0090}.Release|x86.Build.0 = Release|Any CPU
		{6C68D876-97A7-4D09-9F1F-5D639E066B0D}.Debug|Any CPU.ActiveCfg = Debug|Any CPU
		{6C68D876-97A7-4D09-9F1F-5D639E066B0D}.Debug|Any CPU.Build.0 = Debug|Any CPU
		{6C68D876-97A7-4D09-9F1F-5D639E066B0D}.Debug|x64.ActiveCfg = Debug|Any CPU
		{6C68D876-97A7-4D09-9F1F-5D639E066B0D}.Debug|x64.Build.0 = Debug|Any CPU
		{6C68D876-97A7-4D09-9F1F-5D639E066B0D}.Debug|x86.ActiveCfg = Debug|x86
		{6C68D876-97A7-4D09-9F1F-5D639E066B0D}.Debug|x86.Build.0 = Debug|x86
		{6C68D876-97A7-4D09-9F1F-5D639E066B0D}.Halcon12_release|Any CPU.ActiveCfg = Release|Any CPU
		{6C68D876-97A7-4D09-9F1F-5D639E066B0D}.Halcon12_release|Any CPU.Build.0 = Release|Any CPU
		{6C68D876-97A7-4D09-9F1F-5D639E066B0D}.Halcon12_release|x64.ActiveCfg = Release|Any CPU
		{6C68D876-97A7-4D09-9F1F-5D639E066B0D}.Halcon12_release|x64.Build.0 = Release|Any CPU
		{6C68D876-97A7-4D09-9F1F-5D639E066B0D}.Halcon12_release|x86.ActiveCfg = Release|Any CPU
		{6C68D876-97A7-4D09-9F1F-5D639E066B0D}.Halcon12_release|x86.Build.0 = Release|Any CPU
		{6C68D876-97A7-4D09-9F1F-5D639E066B0D}.Release|Any CPU.ActiveCfg = Release|Any CPU
		{6C68D876-97A7-4D09-9F1F-5D639E066B0D}.Release|Any CPU.Build.0 = Release|Any CPU
		{6C68D876-97A7-4D09-9F1F-5D639E066B0D}.Release|x64.ActiveCfg = Release|Any CPU
		{6C68D876-97A7-4D09-9F1F-5D639E066B0D}.Release|x64.Build.0 = Release|Any CPU
		{6C68D876-97A7-4D09-9F1F-5D639E066B0D}.Release|x86.ActiveCfg = Release|Any CPU
		{6C68D876-97A7-4D09-9F1F-5D639E066B0D}.Release|x86.Build.0 = Release|Any CPU
		{EE7324D7-B900-4C28-866B-5BAD3A67D598}.Debug|Any CPU.ActiveCfg = Debug|Any CPU
		{EE7324D7-B900-4C28-866B-5BAD3A67D598}.Debug|Any CPU.Build.0 = Debug|Any CPU
		{EE7324D7-B900-4C28-866B-5BAD3A67D598}.Debug|x64.ActiveCfg = Debug|Any CPU
		{EE7324D7-B900-4C28-866B-5BAD3A67D598}.Debug|x64.Build.0 = Debug|Any CPU
		{EE7324D7-B900-4C28-866B-5BAD3A67D598}.Debug|x86.ActiveCfg = Debug|x86
		{EE7324D7-B900-4C28-866B-5BAD3A67D598}.Debug|x86.Build.0 = Debug|x86
		{EE7324D7-B900-4C28-866B-5BAD3A67D598}.Halcon12_release|Any CPU.ActiveCfg = Release|Any CPU
		{EE7324D7-B900-4C28-866B-5BAD3A67D598}.Halcon12_release|Any CPU.Build.0 = Release|Any CPU
		{EE7324D7-B900-4C28-866B-5BAD3A67D598}.Halcon12_release|x64.ActiveCfg = Release|Any CPU
		{EE7324D7-B900-4C28-866B-5BAD3A67D598}.Halcon12_release|x64.Build.0 = Release|Any CPU
		{EE7324D7-B900-4C28-866B-5BAD3A67D598}.Halcon12_release|x86.ActiveCfg = Release|Any CPU
		{EE7324D7-B900-4C28-866B-5BAD3A67D598}.Halcon12_release|x86.Build.0 = Release|Any CPU
		{EE7324D7-B900-4C28-866B-5BAD3A67D598}.Release|Any CPU.ActiveCfg = Release|Any CPU
		{EE7324D7-B900-4C28-866B-5BAD3A67D598}.Release|Any CPU.Build.0 = Release|Any CPU
		{EE7324D7-B900-4C28-866B-5BAD3A67D598}.Release|x64.ActiveCfg = Release|Any CPU
		{EE7324D7-B900-4C28-866B-5BAD3A67D598}.Release|x64.Build.0 = Release|Any CPU
		{EE7324D7-B900-4C28-866B-5BAD3A67D598}.Release|x86.ActiveCfg = Release|Any CPU
		{EE7324D7-B900-4C28-866B-5BAD3A67D598}.Release|x86.Build.0 = Release|Any CPU
	EndGlobalSection
	GlobalSection(SolutionProperties) = preSolution
		HideSolutionNode = FALSE
	EndGlobalSection
	GlobalSection(NestedProjects) = preSolution
		{58E7B15E-F61D-4A52-A3EB-73FD1E66BFA8} = {59EC450B-7CC3-4987-A3CA-CDC08DD28B26}
		{9B1B605F-05DA-4F88-97F2-EF4ED6EA3037} = {59EC450B-7CC3-4987-A3CA-CDC08DD28B26}
		{C11F742E-B9DE-48B5-AA04-947DE8C528B5} = {59EC450B-7CC3-4987-A3CA-CDC08DD28B26}
		{2CA1E0F2-104C-4A1A-9963-CA27D9FC9B62} = {59EC450B-7CC3-4987-A3CA-CDC08DD28B26}
		{07E2A3BC-8A1C-48BC-8647-5D1C75818D66} = {59EC450B-7CC3-4987-A3CA-CDC08DD28B26}
		{C04C6F6A-30C2-40CA-8BDF-C693FDC7C23E} = {59EC450B-7CC3-4987-A3CA-CDC08DD28B26}
		{65DB9CE0-3829-41AB-AD75-E894502E0090} = {59EC450B-7CC3-4987-A3CA-CDC08DD28B26}
	EndGlobalSection
	GlobalSection(ExtensibilityGlobals) = postSolution
		SolutionGuid = {2E0EF6EC-04FD-4B7E-A787-15C9A46C5AFC}
	EndGlobalSection
EndGlobal
