
Microsoft Visual Studio Solution File, Format Version 12.00
# Visual Studio Version 18
VisualStudioVersion = 18.6.11819.183
MinimumVisualStudioVersion = 10.0.40219.1
Project("{FAE04EC0-301F-11D3-BF4B-00C04F79EFBC}") = "Tofd_AWI", "Tofd_AWI.csproj", "{BBE5296E-99BC-4769-8C91-7096E41A1244}"
	ProjectSection(ProjectDependencies) = postProject
		{58E7B15E-F61D-4A52-A3EB-73FD1E66BFA8} = {58E7B15E-F61D-4A52-A3EB-73FD1E66BFA8}
		{6C68D876-97A7-4D09-9F1F-5D639E066B0D} = {6C68D876-97A7-4D09-9F1F-5D639E066B0D}
	EndProjectSection
EndProject
Project("{2150E333-8FDC-42A3-9474-1A3956D46DE8}") = "Driver", "Driver", "{59EC450B-7CC3-4987-A3CA-CDC08DD28B26}"
EndProject
Project("{FAE04EC0-301F-11D3-BF4B-00C04F79EFBC}") = "Clb_MT_Comm", "Clb_MT_Comm\Clb_MT_Comm\Clb_MT_Comm.csproj", "{58E7B15E-F61D-4A52-A3EB-73FD1E66BFA8}"
EndProject
Project("{FAE04EC0-301F-11D3-BF4B-00C04F79EFBC}") = "ClassLibrary_Interface", "ClassLibrary_Interface\ClassLibrary_Interface.csproj", "{6C68D876-97A7-4D09-9F1F-5D639E066B0D}"
EndProject
Project("{FAE04EC0-301F-11D3-BF4B-00C04F79EFBC}") = "NewInspect.Services", "NewInspect.Services\NewInspect.Services.csproj", "{EE7324D7-B900-4C28-866B-5BAD3A67D598}"
	ProjectSection(ProjectDependencies) = postProject
		{6C68D876-97A7-4D09-9F1F-5D639E066B0D} = {6C68D876-97A7-4D09-9F1F-5D639E066B0D}
	EndProjectSection
EndProject
Global
	GlobalSection(SolutionConfigurationPlatforms) = preSolution
		Debug|Any CPU = Debug|Any CPU
		Debug|x64 = Debug|x64
		Debug|x86 = Debug|x86
		Halcon12_release|Any CPU = Halcon12_release|Any CPU
		Halcon12_release|x64 = Halcon12_release|x64
		Halcon12_release|x86 = Halcon12_release|x86
		Release|Any CPU = Release|Any CPU
		Release|x64 = Release|x64
		Release|x86 = Release|x86
	EndGlobalSection
	GlobalSection(ProjectConfigurationPlatforms) = postSolution
		{BBE5296E-99BC-4769-8C91-7096E41A1244}.Debug|Any CPU.ActiveCfg = Debug|Any CPU
		{BBE5296E-99BC-4769-8C91-7096E41A1244}.Debug|Any CPU.Build.0 = Debug|Any CPU
		{BBE5296E-99BC-4769-8C91-7096E41A1244}.Debug|x64.ActiveCfg = Debug|x64
		{BBE5296E-99BC-4769-8C91-7096E41A1244}.Debug|x64.Build.0 = Debug|x64
		{BBE5296E-99BC-4769-8C91-7096E41A1244}.Debug|x86.ActiveCfg = Debug|x86
		{BBE5296E-99BC-4769-8C91-7096E41A1244}.Debug|x86.Build.0 = Debug|x86
		{BBE5296E-99BC-4769-8C91-7096E41A1244}.Halcon12_release|Any CPU.ActiveCfg = Release|Any CPU
		{BBE5296E-99BC-4769-8C91-7096E41A1244}.Halcon12_release|Any CPU.Build.0 = Release|Any CPU
		{BBE5296E-99BC-4769-8C91-7096E41A1244}.Halcon12_release|x64.ActiveCfg = Release|x64
		{BBE5296E-99BC-4769-8C91-7096E41A1244}.Halcon12_release|x64.Build.0 = Release|x64
		{BBE5296E-99BC-4769-8C91-7096E41A1244}.Halcon12_release|x86.ActiveCfg = Release|Any CPU
		{BBE5296E-99BC-4769-8C91-7096E41A1244}.Halcon12_release|x86.Build.0 = Release|Any CPU
		{BBE5296E-99BC-4769-8C91-7096E41A1244}.Release|Any CPU.ActiveCfg = Release|Any CPU
		{BBE5296E-99BC-4769-8C91-7096E41A1244}.Release|Any CPU.Build.0 = Release|Any CPU
		{BBE5296E-99BC-4769-8C91-7096E41A1244}.Release|x64.ActiveCfg = Release|x64
		{BBE5296E-99BC-4769-8C91-7096E41A1244}.Release|x64.Build.0 = Release|x64
		{BBE5296E-99BC-4769-8C91-7096E41A1244}.Release|x86.ActiveCfg = Release|Any CPU
		{BBE5296E-99BC-4769-8C91-7096E41A1244}.Release|x86.Build.0 = Release|Any CPU
		{58E7B15E-F61D-4A52-A3EB-73FD1E66BFA8}.Debug|Any CPU.ActiveCfg = Debug|Any CPU
		{58E7B15E-F61D-4A52-A3EB-73FD1E66BFA8}.Debug|Any CPU.Build.0 = Debug|Any CPU
		{58E7B15E-F61D-4A52-A3EB-73FD1E66BFA8}.Debug|x64.ActiveCfg = Debug|Any CPU
		{58E7B15E-F61D-4A52-A3EB-73FD1E66BFA8}.Debug|x64.Build.0 = Debug|Any CPU
		{58E7B15E-F61D-4A52-A3EB-73FD1E66BFA8}.Debug|x86.ActiveCfg = Debug|x86
		{58E7B15E-F61D-4A52-A3EB-73FD1E66BFA8}.Debug|x86.Build.0 = Debug|x86
		{58E7B15E-F61D-4A52-A3EB-73FD1E66BFA8}.Halcon12_release|Any CPU.ActiveCfg = Release|Any CPU
		{58E7B15E-F61D-4A52-A3EB-73FD1E66BFA8}.Halcon12_release|Any CPU.Build.0 = Release|Any CPU
		{58E7B15E-F61D-4A52-A3EB-73FD1E66BFA8}.Halcon12_release|x64.ActiveCfg = Release|Any CPU
		{58E7B15E-F61D-4A52-A3EB-73FD1E66BFA8}.Halcon12_release|x64.Build.0 = Release|Any CPU
		{58E7B15E-F61D-4A52-A3EB-73FD1E66BFA8}.Halcon12_release|x86.ActiveCfg = Release|x86
		{58E7B15E-F61D-4A52-A3EB-73FD1E66BFA8}.Halcon12_release|x86.Build.0 = Release|x86
		{58E7B15E-F61D-4A52-A3EB-73FD1E66BFA8}.Release|Any CPU.ActiveCfg = Release|Any CPU
		{58E7B15E-F61D-4A52-A3EB-73FD1E66BFA8}.Release|Any CPU.Build.0 = Release|Any CPU
		{58E7B15E-F61D-4A52-A3EB-73FD1E66BFA8}.Release|x64.ActiveCfg = Release|Any CPU
		{58E7B15E-F61D-4A52-A3EB-73FD1E66BFA8}.Release|x64.Build.0 = Release|Any CPU
		{58E7B15E-F61D-4A52-A3EB-73FD1E66BFA8}.Release|x86.ActiveCfg = Release|x86
		{58E7B15E-F61D-4A52-A3EB-73FD1E66BFA8}.Release|x86.Build.0 = Release|x86
		{6C68D876-97A7-4D09-9F1F-5D639E066B0D}.Debug|Any CPU.ActiveCfg = Debug|Any CPU
		{6C68D876-97A7-4D09-9F1F-5D639E066B0D}.Debug|Any CPU.Build.0 = Debug|Any CPU
		{6C68D876-97A7-4D09-9F1F-5D639E066B0D}.Debug|x64.ActiveCfg = Debug|Any CPU
		{6C68D876-97A7-4D09-9F1F-5D639E066B0D}.Debug|x64.Build.0 = Debug|Any CPU
		{6C68D876-97A7-4D09-9F1F-5D639E066B0D}.Debug|x86.ActiveCfg = Debug|x86
		{6C68D876-97A7-4D09-9F1F-5D639E066B0D}.Debug|x86.Build.0 = Debug|x86
		{6C68D876-97A7-4D09-9F1F-5D639E066B0D}.Halcon12_release|Any CPU.ActiveCfg = Release|Any CPU
		{6C68D876-97A7-4D09-9F1F-5D639E066B0D}.Halcon12_release|Any CPU.Build.0 = Release|Any CPU
		{6C68D876-97A7-4D09-9F1F-5D639E066B0D}.Halcon12_release|x64.ActiveCfg = Release|Any CPU
		{6C68D876-97A7-4D09-9F1F-5D639E066B0D}.Halcon12_release|x64.Build.0 = Release|Any CPU
		{6C68D876-97A7-4D09-9F1F-5D639E066B0D}.Halcon12_release|x86.ActiveCfg = Release|Any CPU
		{6C68D876-97A7-4D09-9F1F-5D639E066B0D}.Halcon12_release|x86.Build.0 = Release|Any CPU
		{6C68D876-97A7-4D09-9F1F-5D639E066B0D}.Release|Any CPU.ActiveCfg = Release|Any CPU
		{6C68D876-97A7-4D09-9F1F-5D639E066B0D}.Release|Any CPU.Build.0 = Release|Any CPU
		{6C68D876-97A7-4D09-9F1F-5D639E066B0D}.Release|x64.ActiveCfg = Release|Any CPU
		{6C68D876-97A7-4D09-9F1F-5D639E066B0D}.Release|x64.Build.0 = Release|Any CPU
		{6C68D876-97A7-4D09-9F1F-5D639E066B0D}.Release|x86.ActiveCfg = Release|Any CPU
		{6C68D876-97A7-4D09-9F1F-5D639E066B0D}.Release|x86.Build.0 = Release|Any CPU
		{EE7324D7-B900-4C28-866B-5BAD3A67D598}.Debug|Any CPU.ActiveCfg = Debug|Any CPU
		{EE7324D7-B900-4C28-866B-5BAD3A67D598}.Debug|Any CPU.Build.0 = Debug|Any CPU
		{EE7324D7-B900-4C28-866B-5BAD3A67D598}.Debug|x64.ActiveCfg = Debug|Any CPU
		{EE7324D7-B900-4C28-866B-5BAD3A67D598}.Debug|x64.Build.0 = Debug|Any CPU
		{EE7324D7-B900-4C28-866B-5BAD3A67D598}.Debug|x86.ActiveCfg = Debug|x86
		{EE7324D7-B900-4C28-866B-5BAD3A67D598}.Debug|x86.Build.0 = Debug|x86
		{EE7324D7-B900-4C28-866B-5BAD3A67D598}.Halcon12_release|Any CPU.ActiveCfg = Release|Any CPU
		{EE7324D7-B900-4C28-866B-5BAD3A67D598}.Halcon12_release|Any CPU.Build.0 = Release|Any CPU
		{EE7324D7-B900-4C28-866B-5BAD3A67D598}.Halcon12_release|x64.ActiveCfg = Release|Any CPU
		{EE7324D7-B900-4C28-866B-5BAD3A67D598}.Halcon12_release|x64.Build.0 = Release|Any CPU
		{EE7324D7-B900-4C28-866B-5BAD3A67D598}.Halcon12_release|x86.ActiveCfg = Release|Any CPU
		{EE7324D7-B900-4C28-866B-5BAD3A67D598}.Halcon12_release|x86.Build.0 = Release|Any CPU
		{EE7324D7-B900-4C28-866B-5BAD3A67D598}.Release|Any CPU.ActiveCfg = Release|Any CPU
		{EE7324D7-B900-4C28-866B-5BAD3A67D598}.Release|Any CPU.Build.0 = Release|Any CPU
		{EE7324D7-B900-4C28-866B-5BAD3A67D598}.Release|x64.ActiveCfg = Release|Any CPU
		{EE7324D7-B900-4C28-866B-5BAD3A67D598}.Release|x64.Build.0 = Release|Any CPU
		{EE7324D7-B900-4C28-866B-5BAD3A67D598}.Release|x86.ActiveCfg = Release|Any CPU
		{EE7324D7-B900-4C28-866B-5BAD3A67D598}.Release|x86.Build.0 = Release|Any CPU
	EndGlobalSection
	GlobalSection(SolutionProperties) = preSolution
		HideSolutionNode = FALSE
	EndGlobalSection
	GlobalSection(NestedProjects) = preSolution
		{58E7B15E-F61D-4A52-A3EB-73FD1E66BFA8} = {59EC450B-7CC3-4987-A3CA-CDC08DD28B26}
	EndGlobalSection
	GlobalSection(ExtensibilityGlobals) = postSolution
		SolutionGuid = {2E0EF6EC-04FD-4B7E-A787-15C9A46C5AFC}
	EndGlobalSection
EndGlobal
