
Microsoft Visual Studio Solution File, Format Version 12.00
# Visual Studio Version 16
VisualStudioVersion = 16.0.30621.155
MinimumVisualStudioVersion = 10.0.40219.1
Project("{FAE04EC0-301F-11D3-BF4B-00C04F79EFBC}") = "Tofd_AWI", "Tofd_AWI.csproj", "{BBE5296E-99BC-4769-8C91-7096E41A1244}"
EndProject
Project("{2150E333-8FDC-42A3-9474-1A3956D46DE8}") = "Driver", "Driver", "{59EC450B-7CC3-4987-A3CA-CDC08DD28B26}"
EndProject
Project("{FAE04EC0-301F-11D3-BF4B-00C04F79EFBC}") = "Clb_MT_Comm", "Clb_MT_Comm\Clb_MT_Comm\Clb_MT_Comm.csproj", "{58E7B15E-F61D-4A52-A3EB-73FD1E66BFA8}"
EndProject
Project("{FAE04EC0-301F-11D3-BF4B-00C04F79EFBC}") = "ClassLib_TestData", "ClassLib_TestData\ClassLib_TestData.csproj", "{9B1B605F-05DA-4F88-97F2-EF4ED6EA3037}"
EndProject
Project("{FAE04EC0-301F-11D3-BF4B-00C04F79EFBC}") = "ClassLib_DataMang", "ClassLib_DataMang\ClassLib_DataMang.csproj", "{7C123940-A34A-4A85-887A-C9D0389447A4}"
EndProject
Project("{FAE04EC0-301F-11D3-BF4B-00C04F79EFBC}") = "Clb_XmCam_DLL", "Clb_XmCam_DLL\Clb_XmCam_DLL.csproj", "{C11F742E-B9DE-48B5-AA04-947DE8C528B5}"
EndProject
Project("{FAE04EC0-301F-11D3-BF4B-00C04F79EFBC}") = "ClimbVideo", "ClimbVideo\ClimbVideo\ClimbVideo.csproj", "{2CA1E0F2-104C-4A1A-9963-CA27D9FC9B62}"
EndProject
Project("{FAE04EC0-301F-11D3-BF4B-00C04F79EFBC}") = "clsExcel", "clsExcel\clsExcel.csproj", "{1EEFF790-D626-43B0-B5D0-07C686EA158E}"
EndProject
Project("{FAE04EC0-301F-11D3-BF4B-00C04F79EFBC}") = "ReportDLL", "ReportDLL\ReportDLL.csproj", "{8AE8C810-8B64-466F-BABC-D8C2352A2267}"
EndProject
Project("{FAE04EC0-301F-11D3-BF4B-00C04F79EFBC}") = "Cmm_PcPower", "Cmm_PcPower\Cmm_PcPower.csproj", "{0E5377F1-465A-4480-B823-92BEEBFCE1D2}"
EndProject
Project("{FAE04EC0-301F-11D3-BF4B-00C04F79EFBC}") = "Frame_Work", "Frame_Work\Frame_Work\Frame_Work.csproj", "{07E2A3BC-8A1C-48BC-8647-5D1C75818D66}"
EndProject
Project("{FAE04EC0-301F-11D3-BF4B-00C04F79EFBC}") = "HD850_64", "HD850_64\HD850_64\HD850_64.csproj", "{2209842C-AEC9-43AD-9933-EC367CC53ABD}"
EndProject
Global
	GlobalSection(SolutionConfigurationPlatforms) = preSolution
		Debug|Any CPU = Debug|Any CPU
		Debug|x64 = Debug|x64
		Debug|x86 = Debug|x86
		Release|Any CPU = Release|Any CPU
		Release|x64 = Release|x64
		Release|x86 = Release|x86
	EndGlobalSection
	GlobalSection(ProjectConfigurationPlatforms) = postSolution
		{BBE5296E-99BC-4769-8C91-7096E41A1244}.Debug|Any CPU.ActiveCfg = Debug|Any CPU
		{BBE5296E-99BC-4769-8C91-7096E41A1244}.Debug|Any CPU.Build.0 = Debug|Any CPU
		{BBE5296E-99BC-4769-8C91-7096E41A1244}.Debug|x64.ActiveCfg = Debug|x64
		{BBE5296E-99BC-4769-8C91-7096E41A1244}.Debug|x64.Build.0 = Debug|x64
		{BBE5296E-99BC-4769-8C91-7096E41A1244}.Debug|x86.ActiveCfg = Debug|Any CPU
		{BBE5296E-99BC-4769-8C91-7096E41A1244}.Debug|x86.Build.0 = Debug|Any CPU
		{BBE5296E-99BC-4769-8C91-7096E41A1244}.Release|Any CPU.ActiveCfg = Release|Any CPU
		{BBE5296E-99BC-4769-8C91-7096E41A1244}.Release|Any CPU.Build.0 = Release|Any CPU
		{BBE5296E-99BC-4769-8C91-7096E41A1244}.Release|x64.ActiveCfg = Release|x64
		{BBE5296E-99BC-4769-8C91-7096E41A1244}.Release|x64.Build.0 = Release|x64
		{BBE5296E-99BC-4769-8C91-7096E41A1244}.Release|x86.ActiveCfg = Release|Any CPU
		{BBE5296E-99BC-4769-8C91-7096E41A1244}.Release|x86.Build.0 = Release|Any CPU
		{58E7B15E-F61D-4A52-A3EB-73FD1E66BFA8}.Debug|Any CPU.ActiveCfg = Debug|Any CPU
		{58E7B15E-F61D-4A52-A3EB-73FD1E66BFA8}.Debug|Any CPU.Build.0 = Debug|Any CPU
		{58E7B15E-F61D-4A52-A3EB-73FD1E66BFA8}.Debug|x64.ActiveCfg = Debug|Any CPU
		{58E7B15E-F61D-4A52-A3EB-73FD1E66BFA8}.Debug|x64.Build.0 = Debug|Any CPU
		{58E7B15E-F61D-4A52-A3EB-73FD1E66BFA8}.Debug|x86.ActiveCfg = Debug|x86
		{58E7B15E-F61D-4A52-A3EB-73FD1E66BFA8}.Debug|x86.Build.0 = Debug|x86
		{58E7B15E-F61D-4A52-A3EB-73FD1E66BFA8}.Release|Any CPU.ActiveCfg = Release|Any CPU
		{58E7B15E-F61D-4A52-A3EB-73FD1E66BFA8}.Release|Any CPU.Build.0 = Release|Any CPU
		{58E7B15E-F61D-4A52-A3EB-73FD1E66BFA8}.Release|x64.ActiveCfg = Release|Any CPU
		{58E7B15E-F61D-4A52-A3EB-73FD1E66BFA8}.Release|x64.Build.0 = Release|Any CPU
		{58E7B15E-F61D-4A52-A3EB-73FD1E66BFA8}.Release|x86.ActiveCfg = Release|x86
		{58E7B15E-F61D-4A52-A3EB-73FD1E66BFA8}.Release|x86.Build.0 = Release|x86
		{9B1B605F-05DA-4F88-97F2-EF4ED6EA3037}.Debug|Any CPU.ActiveCfg = Debug|Any CPU
		{9B1B605F-05DA-4F88-97F2-EF4ED6EA3037}.Debug|Any CPU.Build.0 = Debug|Any CPU
		{9B1B605F-05DA-4F88-97F2-EF4ED6EA3037}.Debug|x64.ActiveCfg = Debug|Any CPU
		{9B1B605F-05DA-4F88-97F2-EF4ED6EA3037}.Debug|x64.Build.0 = Debug|Any CPU
		{9B1B605F-05DA-4F88-97F2-EF4ED6EA3037}.Debug|x86.ActiveCfg = Debug|Any CPU
		{9B1B605F-05DA-4F88-97F2-EF4ED6EA3037}.Debug|x86.Build.0 = Debug|Any CPU
		{9B1B605F-05DA-4F88-97F2-EF4ED6EA3037}.Release|Any CPU.ActiveCfg = Release|Any CPU
		{9B1B605F-05DA-4F88-97F2-EF4ED6EA3037}.Release|Any CPU.Build.0 = Release|Any CPU
		{9B1B605F-05DA-4F88-97F2-EF4ED6EA3037}.Release|x64.ActiveCfg = Release|Any CPU
		{9B1B605F-05DA-4F88-97F2-EF4ED6EA3037}.Release|x64.Build.0 = Release|Any CPU
		{9B1B605F-05DA-4F88-97F2-EF4ED6EA3037}.Release|x86.ActiveCfg = Release|Any CPU
		{9B1B605F-05DA-4F88-97F2-EF4ED6EA3037}.Release|x86.Build.0 = Release|Any CPU
		{7C123940-A34A-4A85-887A-C9D0389447A4}.Debug|Any CPU.ActiveCfg = Debug|Any CPU
		{7C123940-A34A-4A85-887A-C9D0389447A4}.Debug|Any CPU.Build.0 = Debug|Any CPU
		{7C123940-A34A-4A85-887A-C9D0389447A4}.Debug|x64.ActiveCfg = Debug|Any CPU
		{7C123940-A34A-4A85-887A-C9D0389447A4}.Debug|x64.Build.0 = Debug|Any CPU
		{7C123940-A34A-4A85-887A-C9D0389447A4}.Debug|x86.ActiveCfg = Debug|Any CPU
		{7C123940-A34A-4A85-887A-C9D0389447A4}.Debug|x86.Build.0 = Debug|Any CPU
		{7C123940-A34A-4A85-887A-C9D0389447A4}.Release|Any CPU.ActiveCfg = Release|Any CPU
		{7C123940-A34A-4A85-887A-C9D0389447A4}.Release|Any CPU.Build.0 = Release|Any CPU
		{7C123940-A34A-4A85-887A-C9D0389447A4}.Release|x64.ActiveCfg = Release|Any CPU
		{7C123940-A34A-4A85-887A-C9D0389447A4}.Release|x64.Build.0 = Release|Any CPU
		{7C123940-A34A-4A85-887A-C9D0389447A4}.Release|x86.ActiveCfg = Release|Any CPU
		{7C123940-A34A-4A85-887A-C9D0389447A4}.Release|x86.Build.0 = Release|Any CPU
		{C11F742E-B9DE-48B5-AA04-947DE8C528B5}.Debug|Any CPU.ActiveCfg = Debug|Any CPU
		{C11F742E-B9DE-48B5-AA04-947DE8C528B5}.Debug|Any CPU.Build.0 = Debug|Any CPU
		{C11F742E-B9DE-48B5-AA04-947DE8C528B5}.Debug|x64.ActiveCfg = Debug|Any CPU
		{C11F742E-B9DE-48B5-AA04-947DE8C528B5}.Debug|x64.Build.0 = Debug|Any CPU
		{C11F742E-B9DE-48B5-AA04-947DE8C528B5}.Debug|x86.ActiveCfg = Debug|Any CPU
		{C11F742E-B9DE-48B5-AA04-947DE8C528B5}.Debug|x86.Build.0 = Debug|Any CPU
		{C11F742E-B9DE-48B5-AA04-947DE8C528B5}.Release|Any CPU.ActiveCfg = Release|Any CPU
		{C11F742E-B9DE-48B5-AA04-947DE8C528B5}.Release|Any CPU.Build.0 = Release|Any CPU
		{C11F742E-B9DE-48B5-AA04-947DE8C528B5}.Release|x64.ActiveCfg = Release|Any CPU
		{C11F742E-B9DE-48B5-AA04-947DE8C528B5}.Release|x64.Build.0 = Release|Any CPU
		{C11F742E-B9DE-48B5-AA04-947DE8C528B5}.Release|x86.ActiveCfg = Release|Any CPU
		{C11F742E-B9DE-48B5-AA04-947DE8C528B5}.Release|x86.Build.0 = Release|Any CPU
		{2CA1E0F2-104C-4A1A-9963-CA27D9FC9B62}.Debug|Any CPU.ActiveCfg = Debug|Any CPU
		{2CA1E0F2-104C-4A1A-9963-CA27D9FC9B62}.Debug|Any CPU.Build.0 = Debug|Any CPU
		{2CA1E0F2-104C-4A1A-9963-CA27D9FC9B62}.Debug|x64.ActiveCfg = Debug|Any CPU
		{2CA1E0F2-104C-4A1A-9963-CA27D9FC9B62}.Debug|x64.Build.0 = Debug|Any CPU
		{2CA1E0F2-104C-4A1A-9963-CA27D9FC9B62}.Debug|x86.ActiveCfg = Debug|Any CPU
		{2CA1E0F2-104C-4A1A-9963-CA27D9FC9B62}.Debug|x86.Build.0 = Debug|Any CPU
		{2CA1E0F2-104C-4A1A-9963-CA27D9FC9B62}.Release|Any CPU.ActiveCfg = Release|Any CPU
		{2CA1E0F2-104C-4A1A-9963-CA27D9FC9B62}.Release|Any CPU.Build.0 = Release|Any CPU
		{2CA1E0F2-104C-4A1A-9963-CA27D9FC9B62}.Release|x64.ActiveCfg = Release|Any CPU
		{2CA1E0F2-104C-4A1A-9963-CA27D9FC9B62}.Release|x64.Build.0 = Release|Any CPU
		{2CA1E0F2-104C-4A1A-9963-CA27D9FC9B62}.Release|x86.ActiveCfg = Release|Any CPU
		{2CA1E0F2-104C-4A1A-9963-CA27D9FC9B62}.Release|x86.Build.0 = Release|Any CPU
		{1EEFF790-D626-43B0-B5D0-07C686EA158E}.Debug|Any CPU.ActiveCfg = Debug|Any CPU
		{1EEFF790-D626-43B0-B5D0-07C686EA158E}.Debug|Any CPU.Build.0 = Debug|Any CPU
		{1EEFF790-D626-43B0-B5D0-07C686EA158E}.Debug|x64.ActiveCfg = Debug|Any CPU
		{1EEFF790-D626-43B0-B5D0-07C686EA158E}.Debug|x64.Build.0 = Debug|Any CPU
		{1EEFF790-D626-43B0-B5D0-07C686EA158E}.Debug|x86.ActiveCfg = Debug|Any CPU
		{1EEFF790-D626-43B0-B5D0-07C686EA158E}.Debug|x86.Build.0 = Debug|Any CPU
		{1EEFF790-D626-43B0-B5D0-07C686EA158E}.Release|Any CPU.ActiveCfg = Release|Any CPU
		{1EEFF790-D626-43B0-B5D0-07C686EA158E}.Release|Any CPU.Build.0 = Release|Any CPU
		{1EEFF790-D626-43B0-B5D0-07C686EA158E}.Release|x64.ActiveCfg = Release|Any CPU
		{1EEFF790-D626-43B0-B5D0-07C686EA158E}.Release|x64.Build.0 = Release|Any CPU
		{1EEFF790-D626-43B0-B5D0-07C686EA158E}.Release|x86.ActiveCfg = Release|Any CPU
		{1EEFF790-D626-43B0-B5D0-07C686EA158E}.Release|x86.Build.0 = Release|Any CPU
		{8AE8C810-8B64-466F-BABC-D8C2352A2267}.Debug|Any CPU.ActiveCfg = Debug|Any CPU
		{8AE8C810-8B64-466F-BABC-D8C2352A2267}.Debug|Any CPU.Build.0 = Debug|Any CPU
		{8AE8C810-8B64-466F-BABC-D8C2352A2267}.Debug|x64.ActiveCfg = Debug|Any CPU
		{8AE8C810-8B64-466F-BABC-D8C2352A2267}.Debug|x64.Build.0 = Debug|Any CPU
		{8AE8C810-8B64-466F-BABC-D8C2352A2267}.Debug|x86.ActiveCfg = Debug|Any CPU
		{8AE8C810-8B64-466F-BABC-D8C2352A2267}.Debug|x86.Build.0 = Debug|Any CPU
		{8AE8C810-8B64-466F-BABC-D8C2352A2267}.Release|Any CPU.ActiveCfg = Release|Any CPU
		{8AE8C810-8B64-466F-BABC-D8C2352A2267}.Release|Any CPU.Build.0 = Release|Any CPU
		{8AE8C810-8B64-466F-BABC-D8C2352A2267}.Release|x64.ActiveCfg = Release|Any CPU
		{8AE8C810-8B64-466F-BABC-D8C2352A2267}.Release|x64.Build.0 = Release|Any CPU
		{8AE8C810-8B64-466F-BABC-D8C2352A2267}.Release|x86.ActiveCfg = Release|Any CPU
		{8AE8C810-8B64-466F-BABC-D8C2352A2267}.Release|x86.Build.0 = Release|Any CPU
		{0E5377F1-465A-4480-B823-92BEEBFCE1D2}.Debug|Any CPU.ActiveCfg = Debug|Any CPU
		{0E5377F1-465A-4480-B823-92BEEBFCE1D2}.Debug|Any CPU.Build.0 = Debug|Any CPU
		{0E5377F1-465A-4480-B823-92BEEBFCE1D2}.Debug|x64.ActiveCfg = Debug|Any CPU
		{0E5377F1-465A-4480-B823-92BEEBFCE1D2}.Debug|x64.Build.0 = Debug|Any CPU
		{0E5377F1-465A-4480-B823-92BEEBFCE1D2}.Debug|x86.ActiveCfg = Debug|Any CPU
		{0E5377F1-465A-4480-B823-92BEEBFCE1D2}.Debug|x86.Build.0 = Debug|Any CPU
		{0E5377F1-465A-4480-B823-92BEEBFCE1D2}.Release|Any CPU.ActiveCfg = Release|Any CPU
		{0E5377F1-465A-4480-B823-92BEEBFCE1D2}.Release|Any CPU.Build.0 = Release|Any CPU
		{0E5377F1-465A-4480-B823-92BEEBFCE1D2}.Release|x64.ActiveCfg = Release|Any CPU
		{0E5377F1-465A-4480-B823-92BEEBFCE1D2}.Release|x64.Build.0 = Release|Any CPU
		{0E5377F1-465A-4480-B823-92BEEBFCE1D2}.Release|x86.ActiveCfg = Release|Any CPU
		{0E5377F1-465A-4480-B823-92BEEBFCE1D2}.Release|x86.Build.0 = Release|Any CPU
		{07E2A3BC-8A1C-48BC-8647-5D1C75818D66}.Debug|Any CPU.ActiveCfg = Debug|Any CPU
		{07E2A3BC-8A1C-48BC-8647-5D1C75818D66}.Debug|Any CPU.Build.0 = Debug|Any CPU
		{07E2A3BC-8A1C-48BC-8647-5D1C75818D66}.Debug|x64.ActiveCfg = Debug|Any CPU
		{07E2A3BC-8A1C-48BC-8647-5D1C75818D66}.Debug|x64.Build.0 = Debug|Any CPU
		{07E2A3BC-8A1C-48BC-8647-5D1C75818D66}.Debug|x86.ActiveCfg = Debug|Any CPU
		{07E2A3BC-8A1C-48BC-8647-5D1C75818D66}.Debug|x86.Build.0 = Debug|Any CPU
		{07E2A3BC-8A1C-48BC-8647-5D1C75818D66}.Release|Any CPU.ActiveCfg = Release|Any CPU
		{07E2A3BC-8A1C-48BC-8647-5D1C75818D66}.Release|Any CPU.Build.0 = Release|Any CPU
		{07E2A3BC-8A1C-48BC-8647-5D1C75818D66}.Release|x64.ActiveCfg = Release|Any CPU
		{07E2A3BC-8A1C-48BC-8647-5D1C75818D66}.Release|x64.Build.0 = Release|Any CPU
		{07E2A3BC-8A1C-48BC-8647-5D1C75818D66}.Release|x86.ActiveCfg = Release|Any CPU
		{07E2A3BC-8A1C-48BC-8647-5D1C75818D66}.Release|x86.Build.0 = Release|Any CPU
		{2209842C-AEC9-43AD-9933-EC367CC53ABD}.Debug|Any CPU.ActiveCfg = Debug|Any CPU
		{2209842C-AEC9-43AD-9933-EC367CC53ABD}.Debug|Any CPU.Build.0 = Debug|Any CPU
		{2209842C-AEC9-43AD-9933-EC367CC53ABD}.Debug|x64.ActiveCfg = Debug|x64
		{2209842C-AEC9-43AD-9933-EC367CC53ABD}.Debug|x64.Build.0 = Debug|x64
		{2209842C-AEC9-43AD-9933-EC367CC53ABD}.Debug|x86.ActiveCfg = Debug|Any CPU
		{2209842C-AEC9-43AD-9933-EC367CC53ABD}.Debug|x86.Build.0 = Debug|Any CPU
		{2209842C-AEC9-43AD-9933-EC367CC53ABD}.Release|Any CPU.ActiveCfg = Release|Any CPU
		{2209842C-AEC9-43AD-9933-EC367CC53ABD}.Release|Any CPU.Build.0 = Release|Any CPU
		{2209842C-AEC9-43AD-9933-EC367CC53ABD}.Release|x64.ActiveCfg = Release|x64
		{2209842C-AEC9-43AD-9933-EC367CC53ABD}.Release|x64.Build.0 = Release|x64
		{2209842C-AEC9-43AD-9933-EC367CC53ABD}.Release|x86.ActiveCfg = Release|Any CPU
		{2209842C-AEC9-43AD-9933-EC367CC53ABD}.Release|x86.Build.0 = Release|Any CPU
	EndGlobalSection
	GlobalSection(SolutionProperties) = preSolution
		HideSolutionNode = FALSE
	EndGlobalSection
	GlobalSection(NestedProjects) = preSolution
		{58E7B15E-F61D-4A52-A3EB-73FD1E66BFA8} = {59EC450B-7CC3-4987-A3CA-CDC08DD28B26}
		{9B1B605F-05DA-4F88-97F2-EF4ED6EA3037} = {59EC450B-7CC3-4987-A3CA-CDC08DD28B26}
		{C11F742E-B9DE-48B5-AA04-947DE8C528B5} = {59EC450B-7CC3-4987-A3CA-CDC08DD28B26}
		{2CA1E0F2-104C-4A1A-9963-CA27D9FC9B62} = {59EC450B-7CC3-4987-A3CA-CDC08DD28B26}
		{1EEFF790-D626-43B0-B5D0-07C686EA158E} = {59EC450B-7CC3-4987-A3CA-CDC08DD28B26}
		{8AE8C810-8B64-466F-BABC-D8C2352A2267} = {59EC450B-7CC3-4987-A3CA-CDC08DD28B26}
		{0E5377F1-465A-4480-B823-92BEEBFCE1D2} = {59EC450B-7CC3-4987-A3CA-CDC08DD28B26}
		{07E2A3BC-8A1C-48BC-8647-5D1C75818D66} = {59EC450B-7CC3-4987-A3CA-CDC08DD28B26}
		{2209842C-AEC9-43AD-9933-EC367CC53ABD} = {59EC450B-7CC3-4987-A3CA-CDC08DD28B26}
	EndGlobalSection
	GlobalSection(ExtensibilityGlobals) = postSolution
		SolutionGuid = {2E0EF6EC-04FD-4B7E-A787-15C9A46C5AFC}
	EndGlobalSection
EndGlobal
